
Microsoft Visual Studio Solution File, Format Version 12.00
# Visual Studio Version 17
VisualStudioVersion = 17.2.32630.192
MinimumVisualStudioVersion = 10.0.40219.1
Project("{FAE04EC0-301F-11D3-BF4B-00C04F79EFBC}") = "CoinToss", "CoinToss.csproj", "{D1009D5E-DAB3-4B8E-A825-90FA0A3AC797}"
EndProject
Global
	GlobalSection(SolutionConfigurationPlatforms) = preSolution
		Debug|Any CPU = Debug|Any CPU
		Release|Any CPU = Release|Any CPU
	EndGlobalSection
	GlobalSection(ProjectConfigurationPlatforms) = postSolution
		{D1009D5E-DAB3-4B8E-A825-90FA0A3AC797}.Debug|Any CPU.ActiveCfg = Debug|Any CPU
		{D1009D5E-DAB3-4B8E-A825-90FA0A3AC797}.Debug|Any CPU.Build.0 = Debug|Any CPU
		{D1009D5E-DAB3-4B8E-A825-90FA0A3AC797}.Release|Any CPU.ActiveCfg = Release|Any CPU
		{D1009D5E-DAB3-4B8E-A825-90FA0A3AC797}.Release|Any CPU.Build.0 = Release|Any CPU
	EndGlobalSection
	GlobalSection(SolutionProperties) = preSolution
		HideSolutionNode = FALSE
	EndGlobalSection
	GlobalSection(ExtensibilityGlobals) = postSolution
		SolutionGuid = {BA8A9B43-859A-4DEE-9254-3D213302436E}
	EndGlobalSection
EndGlobal
