
Microsoft Visual Studio Solution File, Format Version 12.00
# Visual Studio Version 17
VisualStudioVersion = 17.2.32630.192
MinimumVisualStudioVersion = 10.0.40219.1
Project("{FAE04EC0-301F-11D3-BF4B-00C04F79EFBC}") = "VowelConsonant", "VowelConsonant.csproj", "{72C5BC75-54F4-4580-8BFF-7744B23ADD43}"
EndProject
Global
	GlobalSection(SolutionConfigurationPlatforms) = preSolution
		Debug|Any CPU = Debug|Any CPU
		Release|Any CPU = Release|Any CPU
	EndGlobalSection
	GlobalSection(ProjectConfigurationPlatforms) = postSolution
		{72C5BC75-54F4-4580-8BFF-7744B23ADD43}.Debug|Any CPU.ActiveCfg = Debug|Any CPU
		{72C5BC75-54F4-4580-8BFF-7744B23ADD43}.Debug|Any CPU.Build.0 = Debug|Any CPU
		{72C5BC75-54F4-4580-8BFF-7744B23ADD43}.Release|Any CPU.ActiveCfg = Release|Any CPU
		{72C5BC75-54F4-4580-8BFF-7744B23ADD43}.Release|Any CPU.Build.0 = Release|Any CPU
	EndGlobalSection
	GlobalSection(SolutionProperties) = preSolution
		HideSolutionNode = FALSE
	EndGlobalSection
	GlobalSection(ExtensibilityGlobals) = postSolution
		SolutionGuid = {02DF3610-9550-45E2-B96D-88094CE50F17}
	EndGlobalSection
EndGlobal
