
Microsoft Visual Studio Solution File, Format Version 12.00
# Visual Studio Version 17
VisualStudioVersion = 17.2.32630.192
MinimumVisualStudioVersion = 10.0.40219.1
Project("{FAE04EC0-301F-11D3-BF4B-00C04F79EFBC}") = "BiggestNumber", "BiggestNumber.csproj", "{13C0A875-BC27-484F-96E7-10FF11D2BF5E}"
EndProject
Global
	GlobalSection(SolutionConfigurationPlatforms) = preSolution
		Debug|Any CPU = Debug|Any CPU
		Release|Any CPU = Release|Any CPU
	EndGlobalSection
	GlobalSection(ProjectConfigurationPlatforms) = postSolution
		{13C0A875-BC27-484F-96E7-10FF11D2BF5E}.Debug|Any CPU.ActiveCfg = Debug|Any CPU
		{13C0A875-BC27-484F-96E7-10FF11D2BF5E}.Debug|Any CPU.Build.0 = Debug|Any CPU
		{13C0A875-BC27-484F-96E7-10FF11D2BF5E}.Release|Any CPU.ActiveCfg = Release|Any CPU
		{13C0A875-BC27-484F-96E7-10FF11D2BF5E}.Release|Any CPU.Build.0 = Release|Any CPU
	EndGlobalSection
	GlobalSection(SolutionProperties) = preSolution
		HideSolutionNode = FALSE
	EndGlobalSection
	GlobalSection(ExtensibilityGlobals) = postSolution
		SolutionGuid = {E63D0952-58E6-463A-AE7E-6EF4B7FCEB62}
	EndGlobalSection
EndGlobal
